
Microsoft Visual Studio Solution File, Format Version 12.00
# Visual Studio Version 16
VisualStudioVersion = 16.0.31911.196
MinimumVisualStudioVersion = 10.0.40219.1
Project("{FAE04EC0-301F-11D3-BF4B-00C04F79EFBC}") = "Api", "Api\Api.csproj", "{4EF241AD-D516-4CC4-B3B3-05E1FDCC76D2}"
EndProject
Global
	GlobalSection(SolutionConfigurationPlatforms) = preSolution
		Debug|Any CPU = Debug|Any CPU
		Release|Any CPU = Release|Any CPU
	EndGlobalSection
	GlobalSection(ProjectConfigurationPlatforms) = postSolution
		{4EF241AD-D516-4CC4-B3B3-05E1FDCC76D2}.Debug|Any CPU.ActiveCfg = Debug|Any CPU
		{4EF241AD-D516-4CC4-B3B3-05E1FDCC76D2}.Debug|Any CPU.Build.0 = Debug|Any CPU
		{4EF241AD-D516-4CC4-B3B3-05E1FDCC76D2}.Release|Any CPU.ActiveCfg = Release|Any CPU
		{4EF241AD-D516-4CC4-B3B3-05E1FDCC76D2}.Release|Any CPU.Build.0 = Release|Any CPU
	EndGlobalSection
	GlobalSection(SolutionProperties) = preSolution
		HideSolutionNode = FALSE
	EndGlobalSection
	GlobalSection(ExtensibilityGlobals) = postSolution
		SolutionGuid = {62AA9EE2-0397-4A4C-9C6B-0DD6F06DEBDD}
	EndGlobalSection
EndGlobal
